// !$*UTF8*$!
{
	archiveVersion = 1;
	classes = {
	};
	objectVersion = 56;
	objects = {

/* Begin PBXBuildFile section */
		029D1ED22A8286AC00B0D582 /* AddSkillCollectionViewCell.swift in Sources */ = {isa = PBXBuildFile; fileRef = 029D1ED12A8286AC00B0D582 /* AddSkillCollectionViewCell.swift */; };
		02B276592A78EC93006F2D4D /* AppDelegate.swift in Sources */ = {isa = PBXBuildFile; fileRef = 02B276582A78EC93006F2D4D /* AppDelegate.swift */; };
		02B2765B2A78EC93006F2D4D /* SceneDelegate.swift in Sources */ = {isa = PBXBuildFile; fileRef = 02B2765A2A78EC93006F2D4D /* SceneDelegate.swift */; };
		02B2765D2A78EC93006F2D4D /* ProfileViewController.swift in Sources */ = {isa = PBXBuildFile; fileRef = 02B2765C2A78EC93006F2D4D /* ProfileViewController.swift */; };
		02B276602A78EC93006F2D4D /* Main.storyboard in Resources */ = {isa = PBXBuildFile; fileRef = 02B2765E2A78EC93006F2D4D /* Main.storyboard */; };
		02B276622A78EC96006F2D4D /* Assets.xcassets in Resources */ = {isa = PBXBuildFile; fileRef = 02B276612A78EC96006F2D4D /* Assets.xcassets */; };
		02B276652A78EC96006F2D4D /* LaunchScreen.storyboard in Resources */ = {isa = PBXBuildFile; fileRef = 02B276632A78EC96006F2D4D /* LaunchScreen.storyboard */; };
		02B276702A78F631006F2D4D /* ProfileModel.swift in Sources */ = {isa = PBXBuildFile; fileRef = 02B2766F2A78F631006F2D4D /* ProfileModel.swift */; };
		02B276722A78F889006F2D4D /* ProfilePresenter.swift in Sources */ = {isa = PBXBuildFile; fileRef = 02B276712A78F889006F2D4D /* ProfilePresenter.swift */; };
		02B2767A2A79489A006F2D4D /* SkillCollectionViewCell.swift in Sources */ = {isa = PBXBuildFile; fileRef = 02B276792A79489A006F2D4D /* SkillCollectionViewCell.swift */; };
		02B2767E2A795192006F2D4D /* Extension.swift in Sources */ = {isa = PBXBuildFile; fileRef = 02B2767D2A795192006F2D4D /* Extension.swift */; };
		02B276882A7BF386006F2D4D /* SFPRODISPLAYBOLD.OTF in Resources */ = {isa = PBXBuildFile; fileRef = 02B276822A7BE640006F2D4D /* SFPRODISPLAYBOLD.OTF */; };
		02B276892A7BF38C006F2D4D /* SFPRODISPLAYMEDIUM.OTF in Resources */ = {isa = PBXBuildFile; fileRef = 02B276832A7BE640006F2D4D /* SFPRODISPLAYMEDIUM.OTF */; };
		02B2768A2A7BF390006F2D4D /* SFPRODISPLAYREGULAR.OTF in Resources */ = {isa = PBXBuildFile; fileRef = 02B276842A7BE640006F2D4D /* SFPRODISPLAYREGULAR.OTF */; };
/* End PBXBuildFile section */

/* Begin PBXFileReference section */
		029D1ED12A8286AC00B0D582 /* AddSkillCollectionViewCell.swift */ = {isa = PBXFileReference; lastKnownFileType = sourcecode.swift; path = AddSkillCollectionViewCell.swift; sourceTree = "<group>"; };
		02B276552A78EC93006F2D4D /* Profile | Surf Summer School 2023.app */ = {isa = PBXFileReference; explicitFileType = wrapper.application; includeInIndex = 0; path = "Profile | Surf Summer School 2023.app"; sourceTree = BUILT_PRODUCTS_DIR; };
		02B276582A78EC93006F2D4D /* AppDelegate.swift */ = {isa = PBXFileReference; lastKnownFileType = sourcecode.swift; path = AppDelegate.swift; sourceTree = "<group>"; };
		02B2765A2A78EC93006F2D4D /* SceneDelegate.swift */ = {isa = PBXFileReference; lastKnownFileType = sourcecode.swift; path = SceneDelegate.swift; sourceTree = "<group>"; };
		02B2765C2A78EC93006F2D4D /* ProfileViewController.swift */ = {isa = PBXFileReference; lastKnownFileType = sourcecode.swift; path = ProfileViewController.swift; sourceTree = "<group>"; };
		02B2765F2A78EC93006F2D4D /* Base */ = {isa = PBXFileReference; lastKnownFileType = file.storyboard; name = Base; path = Base.lproj/Main.storyboard; sourceTree = "<group>"; };
		02B276612A78EC96006F2D4D /* Assets.xcassets */ = {isa = PBXFileReference; lastKnownFileType = folder.assetcatalog; path = Assets.xcassets; sourceTree = "<group>"; };
		02B276642A78EC96006F2D4D /* Base */ = {isa = PBXFileReference; lastKnownFileType = file.storyboard; name = Base; path = Base.lproj/LaunchScreen.storyboard; sourceTree = "<group>"; };
		02B276662A78EC96006F2D4D /* Info.plist */ = {isa = PBXFileReference; lastKnownFileType = text.plist.xml; path = Info.plist; sourceTree = "<group>"; };
		02B2766F2A78F631006F2D4D /* ProfileModel.swift */ = {isa = PBXFileReference; lastKnownFileType = sourcecode.swift; path = ProfileModel.swift; sourceTree = "<group>"; };
		02B276712A78F889006F2D4D /* ProfilePresenter.swift */ = {isa = PBXFileReference; lastKnownFileType = sourcecode.swift; path = ProfilePresenter.swift; sourceTree = "<group>"; };
		02B276792A79489A006F2D4D /* SkillCollectionViewCell.swift */ = {isa = PBXFileReference; lastKnownFileType = sourcecode.swift; path = SkillCollectionViewCell.swift; sourceTree = "<group>"; };
		02B2767D2A795192006F2D4D /* Extension.swift */ = {isa = PBXFileReference; lastKnownFileType = sourcecode.swift; path = Extension.swift; sourceTree = "<group>"; };
		02B276822A7BE640006F2D4D /* SFPRODISPLAYBOLD.OTF */ = {isa = PBXFileReference; lastKnownFileType = file; path = SFPRODISPLAYBOLD.OTF; sourceTree = "<group>"; };
		02B276832A7BE640006F2D4D /* SFPRODISPLAYMEDIUM.OTF */ = {isa = PBXFileReference; lastKnownFileType = file; path = SFPRODISPLAYMEDIUM.OTF; sourceTree = "<group>"; };
		02B276842A7BE640006F2D4D /* SFPRODISPLAYREGULAR.OTF */ = {isa = PBXFileReference; lastKnownFileType = file; path = SFPRODISPLAYREGULAR.OTF; sourceTree = "<group>"; };
/* End PBXFileReference section */

/* Begin PBXFrameworksBuildPhase section */
		02B276522A78EC93006F2D4D /* Frameworks */ = {
			isa = PBXFrameworksBuildPhase;
			buildActionMask = 2147483647;
			files = (
			);
			runOnlyForDeploymentPostprocessing = 0;
		};
/* End PBXFrameworksBuildPhase section */

/* Begin PBXGroup section */
		02B2764C2A78EC93006F2D4D = {
			isa = PBXGroup;
			children = (
				02B276572A78EC93006F2D4D /* Profile | Surf Summer School 2023 */,
				02B276562A78EC93006F2D4D /* Products */,
			);
			sourceTree = "<group>";
		};
		02B276562A78EC93006F2D4D /* Products */ = {
			isa = PBXGroup;
			children = (
				02B276552A78EC93006F2D4D /* Profile | Surf Summer School 2023.app */,
			);
			name = Products;
			sourceTree = "<group>";
		};
		02B276572A78EC93006F2D4D /* Profile | Surf Summer School 2023 */ = {
			isa = PBXGroup;
			children = (
				02B276582A78EC93006F2D4D /* AppDelegate.swift */,
				02B2765A2A78EC93006F2D4D /* SceneDelegate.swift */,
				02B2766D2A78F589006F2D4D /* Model */,
				02B2766C2A78F568006F2D4D /* View */,
				02B2767C2A79517D006F2D4D /* Presenter */,
				02B2767B2A795146006F2D4D /* Extension */,
				02B2767F2A7BE538006F2D4D /* Fonts */,
				02B2765E2A78EC93006F2D4D /* Main.storyboard */,
				02B276612A78EC96006F2D4D /* Assets.xcassets */,
				02B276632A78EC96006F2D4D /* LaunchScreen.storyboard */,
				02B276662A78EC96006F2D4D /* Info.plist */,
			);
			path = "Profile | Surf Summer School 2023";
			sourceTree = "<group>";
		};
		02B2766C2A78F568006F2D4D /* View */ = {
			isa = PBXGroup;
			children = (
				02B2765C2A78EC93006F2D4D /* ProfileViewController.swift */,
				02B276792A79489A006F2D4D /* SkillCollectionViewCell.swift */,
				029D1ED12A8286AC00B0D582 /* AddSkillCollectionViewCell.swift */,
			);
			path = View;
			sourceTree = "<group>";
		};
		02B2766D2A78F589006F2D4D /* Model */ = {
			isa = PBXGroup;
			children = (
				02B2766F2A78F631006F2D4D /* ProfileModel.swift */,
			);
			path = Model;
			sourceTree = "<group>";
		};
		02B2767B2A795146006F2D4D /* Extension */ = {
			isa = PBXGroup;
			children = (
				02B2767D2A795192006F2D4D /* Extension.swift */,
			);
			path = Extension;
			sourceTree = "<group>";
		};
		02B2767C2A79517D006F2D4D /* Presenter */ = {
			isa = PBXGroup;
			children = (
				02B276712A78F889006F2D4D /* ProfilePresenter.swift */,
			);
			path = Presenter;
			sourceTree = "<group>";
		};
		02B2767F2A7BE538006F2D4D /* Fonts */ = {
			isa = PBXGroup;
			children = (
				02B276822A7BE640006F2D4D /* SFPRODISPLAYBOLD.OTF */,
				02B276832A7BE640006F2D4D /* SFPRODISPLAYMEDIUM.OTF */,
				02B276842A7BE640006F2D4D /* SFPRODISPLAYREGULAR.OTF */,
			);
			path = Fonts;
			sourceTree = "<group>";
		};
/* End PBXGroup section */

/* Begin PBXNativeTarget section */
		02B276542A78EC93006F2D4D /* Profile | Surf Summer School 2023 */ = {
			isa = PBXNativeTarget;
			buildConfigurationList = 02B276692A78EC96006F2D4D /* Build configuration list for PBXNativeTarget "Profile | Surf Summer School 2023" */;
			buildPhases = (
				02B276512A78EC93006F2D4D /* Sources */,
				02B276522A78EC93006F2D4D /* Frameworks */,
				02B276532A78EC93006F2D4D /* Resources */,
			);
			buildRules = (
			);
			dependencies = (
			);
			name = "Profile | Surf Summer School 2023";
			productName = "Profile | Surf Summer School 2023";
			productReference = 02B276552A78EC93006F2D4D /* Profile | Surf Summer School 2023.app */;
			productType = "com.apple.product-type.application";
		};
/* End PBXNativeTarget section */

/* Begin PBXProject section */
		02B2764D2A78EC93006F2D4D /* Project object */ = {
			isa = PBXProject;
			attributes = {
				BuildIndependentTargetsInParallel = 1;
				LastSwiftUpdateCheck = 1430;
				LastUpgradeCheck = 1430;
				TargetAttributes = {
					02B276542A78EC93006F2D4D = {
						CreatedOnToolsVersion = 14.3.1;
					};
				};
			};
			buildConfigurationList = 02B276502A78EC93006F2D4D /* Build configuration list for PBXProject "Profile | Surf Summer School 2023" */;
			compatibilityVersion = "Xcode 14.0";
			developmentRegion = en;
			hasScannedForEncodings = 0;
			knownRegions = (
				en,
				Base,
			);
			mainGroup = 02B2764C2A78EC93006F2D4D;
			productRefGroup = 02B276562A78EC93006F2D4D /* Products */;
			projectDirPath = "";
			projectRoot = "";
			targets = (
				02B276542A78EC93006F2D4D /* Profile | Surf Summer School 2023 */,
			);
		};
/* End PBXProject section */

/* Begin PBXResourcesBuildPhase section */
		02B276532A78EC93006F2D4D /* Resources */ = {
			isa = PBXResourcesBuildPhase;
			buildActionMask = 2147483647;
			files = (
				02B276892A7BF38C006F2D4D /* SFPRODISPLAYMEDIUM.OTF in Resources */,
				02B276652A78EC96006F2D4D /* LaunchScreen.storyboard in Resources */,
				02B276622A78EC96006F2D4D /* Assets.xcassets in Resources */,
				02B276882A7BF386006F2D4D /* SFPRODISPLAYBOLD.OTF in Resources */,
				02B2768A2A7BF390006F2D4D /* SFPRODISPLAYREGULAR.OTF in Resources */,
				02B276602A78EC93006F2D4D /* Main.storyboard in Resources */,
			);
			runOnlyForDeploymentPostprocessing = 0;
		};
/* End PBXResourcesBuildPhase section */

/* Begin PBXSourcesBuildPhase section */
		02B276512A78EC93006F2D4D /* Sources */ = {
			isa = PBXSourcesBuildPhase;
			buildActionMask = 2147483647;
			files = (
				02B2767A2A79489A006F2D4D /* SkillCollectionViewCell.swift in Sources */,
				02B2765D2A78EC93006F2D4D /* ProfileViewController.swift in Sources */,
				02B2767E2A795192006F2D4D /* Extension.swift in Sources */,
				02B276592A78EC93006F2D4D /* AppDelegate.swift in Sources */,
				029D1ED22A8286AC00B0D582 /* AddSkillCollectionViewCell.swift in Sources */,
				02B2765B2A78EC93006F2D4D /* SceneDelegate.swift in Sources */,
				02B276722A78F889006F2D4D /* ProfilePresenter.swift in Sources */,
				02B276702A78F631006F2D4D /* ProfileModel.swift in Sources */,
			);
			runOnlyForDeploymentPostprocessing = 0;
		};
/* End PBXSourcesBuildPhase section */

/* Begin PBXVariantGroup section */
		02B2765E2A78EC93006F2D4D /* Main.storyboard */ = {
			isa = PBXVariantGroup;
			children = (
				02B2765F2A78EC93006F2D4D /* Base */,
			);
			name = Main.storyboard;
			sourceTree = "<group>";
		};
		02B276632A78EC96006F2D4D /* LaunchScreen.storyboard */ = {
			isa = PBXVariantGroup;
			children = (
				02B276642A78EC96006F2D4D /* Base */,
			);
			name = LaunchScreen.storyboard;
			sourceTree = "<group>";
		};
/* End PBXVariantGroup section */

/* Begin XCBuildConfiguration section */
		02B276672A78EC96006F2D4D /* Debug */ = {
			isa = XCBuildConfiguration;
			buildSettings = {
				ALWAYS_SEARCH_USER_PATHS = NO;
				CLANG_ANALYZER_NONNULL = YES;
				CLANG_ANALYZER_NUMBER_OBJECT_CONVERSION = YES_AGGRESSIVE;
				CLANG_CXX_LANGUAGE_STANDARD = "gnu++20";
				CLANG_ENABLE_MODULES = YES;
				CLANG_ENABLE_OBJC_ARC = YES;
				CLANG_ENABLE_OBJC_WEAK = YES;
				CLANG_WARN_BLOCK_CAPTURE_AUTORELEASING = YES;
				CLANG_WARN_BOOL_CONVERSION = YES;
				CLANG_WARN_COMMA = YES;
				CLANG_WARN_CONSTANT_CONVERSION = YES;
				CLANG_WARN_DEPRECATED_OBJC_IMPLEMENTATIONS = YES;
				CLANG_WARN_DIRECT_OBJC_ISA_USAGE = YES_ERROR;
				CLANG_WARN_DOCUMENTATION_COMMENTS = YES;
				CLANG_WARN_EMPTY_BODY = YES;
				CLANG_WARN_ENUM_CONVERSION = YES;
				CLANG_WARN_INFINITE_RECURSION = YES;
				CLANG_WARN_INT_CONVERSION = YES;
				CLANG_WARN_NON_LITERAL_NULL_CONVERSION = YES;
				CLANG_WARN_OBJC_IMPLICIT_RETAIN_SELF = YES;
				CLANG_WARN_OBJC_LITERAL_CONVERSION = YES;
				CLANG_WARN_OBJC_ROOT_CLASS = YES_ERROR;
				CLANG_WARN_QUOTED_INCLUDE_IN_FRAMEWORK_HEADER = YES;
				CLANG_WARN_RANGE_LOOP_ANALYSIS = YES;
				CLANG_WARN_STRICT_PROTOTYPES = YES;
				CLANG_WARN_SUSPICIOUS_MOVE = YES;
				CLANG_WARN_UNGUARDED_AVAILABILITY = YES_AGGRESSIVE;
				CLANG_WARN_UNREACHABLE_CODE = YES;
				CLANG_WARN__DUPLICATE_METHOD_MATCH = YES;
				COPY_PHASE_STRIP = NO;
				DEBUG_INFORMATION_FORMAT = dwarf;
				ENABLE_STRICT_OBJC_MSGSEND = YES;
				ENABLE_TESTABILITY = YES;
				GCC_C_LANGUAGE_STANDARD = gnu11;
				GCC_DYNAMIC_NO_PIC = NO;
				GCC_NO_COMMON_BLOCKS = YES;
				GCC_OPTIMIZATION_LEVEL = 0;
				GCC_PREPROCESSOR_DEFINITIONS = (
					"DEBUG=1",
					"$(inherited)",
				);
				GCC_WARN_64_TO_32_BIT_CONVERSION = YES;
				GCC_WARN_ABOUT_RETURN_TYPE = YES_ERROR;
				GCC_WARN_UNDECLARED_SELECTOR = YES;
				GCC_WARN_UNINITIALIZED_AUTOS = YES_AGGRESSIVE;
				GCC_WARN_UNUSED_FUNCTION = YES;
				GCC_WARN_UNUSED_VARIABLE = YES;
				IPHONEOS_DEPLOYMENT_TARGET = 16.4;
				MTL_ENABLE_DEBUG_INFO = INCLUDE_SOURCE;
				MTL_FAST_MATH = YES;
				ONLY_ACTIVE_ARCH = YES;
				SDKROOT = iphoneos;
				SWIFT_ACTIVE_COMPILATION_CONDITIONS = DEBUG;
				SWIFT_OPTIMIZATION_LEVEL = "-Onone";
			};
			name = Debug;
		};
		02B276682A78EC96006F2D4D /* Release */ = {
			isa = XCBuildConfiguration;
			buildSettings = {
				ALWAYS_SEARCH_USER_PATHS = NO;
				CLANG_ANALYZER_NONNULL = YES;
				CLANG_ANALYZER_NUMBER_OBJECT_CONVERSION = YES_AGGRESSIVE;
				CLANG_CXX_LANGUAGE_STANDARD = "gnu++20";
				CLANG_ENABLE_MODULES = YES;
				CLANG_ENABLE_OBJC_ARC = YES;
				CLANG_ENABLE_OBJC_WEAK = YES;
				CLANG_WARN_BLOCK_CAPTURE_AUTORELEASING = YES;
				CLANG_WARN_BOOL_CONVERSION = YES;
				CLANG_WARN_COMMA = YES;
				CLANG_WARN_CONSTANT_CONVERSION = YES;
				CLANG_WARN_DEPRECATED_OBJC_IMPLEMENTATIONS = YES;
				CLANG_WARN_DIRECT_OBJC_ISA_USAGE = YES_ERROR;
				CLANG_WARN_DOCUMENTATION_COMMENTS = YES;
				CLANG_WARN_EMPTY_BODY = YES;
				CLANG_WARN_ENUM_CONVERSION = YES;
				CLANG_WARN_INFINITE_RECURSION = YES;
				CLANG_WARN_INT_CONVERSION = YES;
				CLANG_WARN_NON_LITERAL_NULL_CONVERSION = YES;
				CLANG_WARN_OBJC_IMPLICIT_RETAIN_SELF = YES;
				CLANG_WARN_OBJC_LITERAL_CONVERSION = YES;
				CLANG_WARN_OBJC_ROOT_CLASS = YES_ERROR;
				CLANG_WARN_QUOTED_INCLUDE_IN_FRAMEWORK_HEADER = YES;
				CLANG_WARN_RANGE_LOOP_ANALYSIS = YES;
				CLANG_WARN_STRICT_PROTOTYPES = YES;
				CLANG_WARN_SUSPICIOUS_MOVE = YES;
				CLANG_WARN_UNGUARDED_AVAILABILITY = YES_AGGRESSIVE;
				CLANG_WARN_UNREACHABLE_CODE = YES;
				CLANG_WARN__DUPLICATE_METHOD_MATCH = YES;
				COPY_PHASE_STRIP = NO;
				DEBUG_INFORMATION_FORMAT = "dwarf-with-dsym";
				ENABLE_NS_ASSERTIONS = NO;
				ENABLE_STRICT_OBJC_MSGSEND = YES;
				GCC_C_LANGUAGE_STANDARD = gnu11;
				GCC_NO_COMMON_BLOCKS = YES;
				GCC_WARN_64_TO_32_BIT_CONVERSION = YES;
				GCC_WARN_ABOUT_RETURN_TYPE = YES_ERROR;
				GCC_WARN_UNDECLARED_SELECTOR = YES;
				GCC_WARN_UNINITIALIZED_AUTOS = YES_AGGRESSIVE;
				GCC_WARN_UNUSED_FUNCTION = YES;
				GCC_WARN_UNUSED_VARIABLE = YES;
				IPHONEOS_DEPLOYMENT_TARGET = 16.4;
				MTL_ENABLE_DEBUG_INFO = NO;
				MTL_FAST_MATH = YES;
				SDKROOT = iphoneos;
				SWIFT_COMPILATION_MODE = wholemodule;
				SWIFT_OPTIMIZATION_LEVEL = "-O";
				VALIDATE_PRODUCT = YES;
			};
			name = Release;
		};
		02B2766A2A78EC96006F2D4D /* Debug */ = {
			isa = XCBuildConfiguration;
			buildSettings = {
				ASSETCATALOG_COMPILER_APPICON_NAME = AppIcon;
				ASSETCATALOG_COMPILER_GLOBAL_ACCENT_COLOR_NAME = AccentColor;
				CODE_SIGN_STYLE = Automatic;
				CURRENT_PROJECT_VERSION = 1;
				DEVELOPMENT_TEAM = VFMBL3LXSP;
				GENERATE_INFOPLIST_FILE = YES;
				INFOPLIST_FILE = "Profile | Surf Summer School 2023/Info.plist";
				INFOPLIST_KEY_UIApplicationSupportsIndirectInputEvents = YES;
				INFOPLIST_KEY_UILaunchStoryboardName = LaunchScreen;
				INFOPLIST_KEY_UIMainStoryboardFile = Main;
				INFOPLIST_KEY_UIStatusBarHidden = NO;
				INFOPLIST_KEY_UISupportedInterfaceOrientations = UIInterfaceOrientationPortrait;
				INFOPLIST_KEY_UISupportedInterfaceOrientations_iPad = "UIInterfaceOrientationLandscapeLeft UIInterfaceOrientationLandscapeRight UIInterfaceOrientationPortrait UIInterfaceOrientationPortraitUpsideDown";
				LD_RUNPATH_SEARCH_PATHS = (
					"$(inherited)",
					"@executable_path/Frameworks",
				);
				MARKETING_VERSION = 1.0;
				PRODUCT_BUNDLE_IDENTIFIER = "k4.Profile---Surf-Summer-School-2023";
				PRODUCT_NAME = "$(TARGET_NAME)";
				SUPPORTED_PLATFORMS = "iphoneos iphonesimulator";
				SUPPORTS_MACCATALYST = NO;
				SUPPORTS_MAC_DESIGNED_FOR_IPHONE_IPAD = NO;
				SWIFT_EMIT_LOC_STRINGS = YES;
				SWIFT_VERSION = 5.0;
				TARGETED_DEVICE_FAMILY = 1;
			};
			name = Debug;
		};
		02B2766B2A78EC96006F2D4D /* Release */ = {
			isa = XCBuildConfiguration;
			buildSettings = {
				ASSETCATALOG_COMPILER_APPICON_NAME = AppIcon;
				ASSETCATALOG_COMPILER_GLOBAL_ACCENT_COLOR_NAME = AccentColor;
				CODE_SIGN_STYLE = Automatic;
				CURRENT_PROJECT_VERSION = 1;
				DEVELOPMENT_TEAM = VFMBL3LXSP;
				GENERATE_INFOPLIST_FILE = YES;
				INFOPLIST_FILE = "Profile | Surf Summer School 2023/Info.plist";
				INFOPLIST_KEY_UIApplicationSupportsIndirectInputEvents = YES;
				INFOPLIST_KEY_UILaunchStoryboardName = LaunchScreen;
				INFOPLIST_KEY_UIMainStoryboardFile = Main;
				INFOPLIST_KEY_UIStatusBarHidden = NO;
				INFOPLIST_KEY_UISupportedInterfaceOrientations = UIInterfaceOrientationPortrait;
				INFOPLIST_KEY_UISupportedInterfaceOrientations_iPad = "UIInterfaceOrientationLandscapeLeft UIInterfaceOrientationLandscapeRight UIInterfaceOrientationPortrait UIInterfaceOrientationPortraitUpsideDown";
				LD_RUNPATH_SEARCH_PATHS = (
					"$(inherited)",
					"@executable_path/Frameworks",
				);
				MARKETING_VERSION = 1.0;
				PRODUCT_BUNDLE_IDENTIFIER = "k4.Profile---Surf-Summer-School-2023";
				PRODUCT_NAME = "$(TARGET_NAME)";
				SUPPORTED_PLATFORMS = "iphoneos iphonesimulator";
				SUPPORTS_MACCATALYST = NO;
				SUPPORTS_MAC_DESIGNED_FOR_IPHONE_IPAD = NO;
				SWIFT_EMIT_LOC_STRINGS = YES;
				SWIFT_VERSION = 5.0;
				TARGETED_DEVICE_FAMILY = 1;
			};
			name = Release;
		};
/* End XCBuildConfiguration section */

/* Begin XCConfigurationList section */
		02B276502A78EC93006F2D4D /* Build configuration list for PBXProject "Profile | Surf Summer School 2023" */ = {
			isa = XCConfigurationList;
			buildConfigurations = (
				02B276672A78EC96006F2D4D /* Debug */,
				02B276682A78EC96006F2D4D /* Release */,
			);
			defaultConfigurationIsVisible = 0;
			defaultConfigurationName = Release;
		};
		02B276692A78EC96006F2D4D /* Build configuration list for PBXNativeTarget "Profile | Surf Summer School 2023" */ = {
			isa = XCConfigurationList;
			buildConfigurations = (
				02B2766A2A78EC96006F2D4D /* Debug */,
				02B2766B2A78EC96006F2D4D /* Release */,
			);
			defaultConfigurationIsVisible = 0;
			defaultConfigurationName = Release;
		};
/* End XCConfigurationList section */
	};
	rootObject = 02B2764D2A78EC93006F2D4D /* Project object */;
}
